// !$*UTF8*$!
{
	archiveVersion = 1;
	classes = {
	};
	objectVersion = 50;
	objects = {

/* Begin PBXBuildFile section */
		652AA0F220EC6BAA00258D90 /* AppDelegate.m in Sources */ = {isa = PBXBuildFile; fileRef = 652AA0F120EC6BAA00258D90 /* AppDelegate.m */; };
		652AA0F520EC6BAA00258D90 /* ViewController.m in Sources */ = {isa = PBXBuildFile; fileRef = 652AA0F420EC6BAA00258D90 /* ViewController.m */; };
		652AA0F820EC6BAA00258D90 /* Main.storyboard in Resources */ = {isa = PBXBuildFile; fileRef = 652AA0F620EC6BAA00258D90 /* Main.storyboard */; };
		652AA0FB20EC6BAA00258D90 /* YHWaterMarkExample.xcdatamodeld in Sources */ = {isa = PBXBuildFile; fileRef = 652AA0F920EC6BAA00258D90 /* YHWaterMarkExample.xcdatamodeld */; };
		652AA0FD20EC6BAB00258D90 /* Assets.xcassets in Resources */ = {isa = PBXBuildFile; fileRef = 652AA0FC20EC6BAB00258D90 /* Assets.xcassets */; };
		652AA10020EC6BAB00258D90 /* LaunchScreen.storyboard in Resources */ = {isa = PBXBuildFile; fileRef = 652AA0FE20EC6BAB00258D90 /* LaunchScreen.storyboard */; };
		652AA10320EC6BAB00258D90 /* main.m in Sources */ = {isa = PBXBuildFile; fileRef = 652AA10220EC6BAB00258D90 /* main.m */; };
		652AA10D20EC6BAB00258D90 /* YHWaterMarkExampleTests.m in Sources */ = {isa = PBXBuildFile; fileRef = 652AA10C20EC6BAB00258D90 /* YHWaterMarkExampleTests.m */; };
		652AA11820EC6BAB00258D90 /* YHWaterMarkExampleUITests.m in Sources */ = {isa = PBXBuildFile; fileRef = 652AA11720EC6BAB00258D90 /* YHWaterMarkExampleUITests.m */; };
		652AA12A20EC6CD100258D90 /* YHWaterMarkView.m in Sources */ = {isa = PBXBuildFile; fileRef = 652AA12920EC6CD100258D90 /* YHWaterMarkView.m */; };
/* End PBXBuildFile section */

/* Begin PBXContainerItemProxy section */
		652AA10920EC6BAB00258D90 /* PBXContainerItemProxy */ = {
			isa = PBXContainerItemProxy;
			containerPortal = 652AA0E520EC6BAA00258D90 /* Project object */;
			proxyType = 1;
			remoteGlobalIDString = 652AA0EC20EC6BAA00258D90;
			remoteInfo = YHWaterMarkExample;
		};
		652AA11420EC6BAB00258D90 /* PBXContainerItemProxy */ = {
			isa = PBXContainerItemProxy;
			containerPortal = 652AA0E520EC6BAA00258D90 /* Project object */;
			proxyType = 1;
			remoteGlobalIDString = 652AA0EC20EC6BAA00258D90;
			remoteInfo = YHWaterMarkExample;
		};
/* End PBXContainerItemProxy section */

/* Begin PBXFileReference section */
		652AA0ED20EC6BAA00258D90 /* YHWaterMarkExample.app */ = {isa = PBXFileReference; explicitFileType = wrapper.application; includeInIndex = 0; path = YHWaterMarkExample.app; sourceTree = BUILT_PRODUCTS_DIR; };
		652AA0F020EC6BAA00258D90 /* AppDelegate.h */ = {isa = PBXFileReference; lastKnownFileType = sourcecode.c.h; path = AppDelegate.h; sourceTree = "<group>"; };
		652AA0F120EC6BAA00258D90 /* AppDelegate.m */ = {isa = PBXFileReference; lastKnownFileType = sourcecode.c.objc; path = AppDelegate.m; sourceTree = "<group>"; };
		652AA0F320EC6BAA00258D90 /* ViewController.h */ = {isa = PBXFileReference; lastKnownFileType = sourcecode.c.h; path = ViewController.h; sourceTree = "<group>"; };
		652AA0F420EC6BAA00258D90 /* ViewController.m */ = {isa = PBXFileReference; lastKnownFileType = sourcecode.c.objc; path = ViewController.m; sourceTree = "<group>"; };
		652AA0F720EC6BAA00258D90 /* Base */ = {isa = PBXFileReference; lastKnownFileType = file.storyboard; name = Base; path = Base.lproj/Main.storyboard; sourceTree = "<group>"; };
		652AA0FA20EC6BAA00258D90 /* YHWaterMarkExample.xcdatamodel */ = {isa = PBXFileReference; lastKnownFileType = wrapper.xcdatamodel; path = YHWaterMarkExample.xcdatamodel; sourceTree = "<group>"; };
		652AA0FC20EC6BAB00258D90 /* Assets.xcassets */ = {isa = PBXFileReference; lastKnownFileType = folder.assetcatalog; path = Assets.xcassets; sourceTree = "<group>"; };
		652AA0FF20EC6BAB00258D90 /* Base */ = {isa = PBXFileReference; lastKnownFileType = file.storyboard; name = Base; path = Base.lproj/LaunchScreen.storyboard; sourceTree = "<group>"; };
		652AA10120EC6BAB00258D90 /* Info.plist */ = {isa = PBXFileReference; lastKnownFileType = text.plist.xml; path = Info.plist; sourceTree = "<group>"; };
		652AA10220EC6BAB00258D90 /* main.m */ = {isa = PBXFileReference; lastKnownFileType = sourcecode.c.objc; path = main.m; sourceTree = "<group>"; };
		652AA10820EC6BAB00258D90 /* YHWaterMarkExampleTests.xctest */ = {isa = PBXFileReference; explicitFileType = wrapper.cfbundle; includeInIndex = 0; path = YHWaterMarkExampleTests.xctest; sourceTree = BUILT_PRODUCTS_DIR; };
		652AA10C20EC6BAB00258D90 /* YHWaterMarkExampleTests.m */ = {isa = PBXFileReference; lastKnownFileType = sourcecode.c.objc; path = YHWaterMarkExampleTests.m; sourceTree = "<group>"; };
		652AA10E20EC6BAB00258D90 /* Info.plist */ = {isa = PBXFileReference; lastKnownFileType = text.plist.xml; path = Info.plist; sourceTree = "<group>"; };
		652AA11320EC6BAB00258D90 /* YHWaterMarkExampleUITests.xctest */ = {isa = PBXFileReference; explicitFileType = wrapper.cfbundle; includeInIndex = 0; path = YHWaterMarkExampleUITests.xctest; sourceTree = BUILT_PRODUCTS_DIR; };
		652AA11720EC6BAB00258D90 /* YHWaterMarkExampleUITests.m */ = {isa = PBXFileReference; lastKnownFileType = sourcecode.c.objc; path = YHWaterMarkExampleUITests.m; sourceTree = "<group>"; };
		652AA11920EC6BAB00258D90 /* Info.plist */ = {isa = PBXFileReference; lastKnownFileType = text.plist.xml; path = Info.plist; sourceTree = "<group>"; };
		652AA12820EC6CD100258D90 /* YHWaterMarkView.h */ = {isa = PBXFileReference; lastKnownFileType = sourcecode.c.h; path = YHWaterMarkView.h; sourceTree = "<group>"; };
		652AA12920EC6CD100258D90 /* YHWaterMarkView.m */ = {isa = PBXFileReference; lastKnownFileType = sourcecode.c.objc; path = YHWaterMarkView.m; sourceTree = "<group>"; };
/* End PBXFileReference section */

/* Begin PBXFrameworksBuildPhase section */
		652AA0EA20EC6BAA00258D90 /* Frameworks */ = {
			isa = PBXFrameworksBuildPhase;
			buildActionMask = 2147483647;
			files = (
			);
			runOnlyForDeploymentPostprocessing = 0;
		};
		652AA10520EC6BAB00258D90 /* Frameworks */ = {
			isa = PBXFrameworksBuildPhase;
			buildActionMask = 2147483647;
			files = (
			);
			runOnlyForDeploymentPostprocessing = 0;
		};
		652AA11020EC6BAB00258D90 /* Frameworks */ = {
			isa = PBXFrameworksBuildPhase;
			buildActionMask = 2147483647;
			files = (
			);
			runOnlyForDeploymentPostprocessing = 0;
		};
/* End PBXFrameworksBuildPhase section */

/* Begin PBXGroup section */
		652AA0E420EC6BAA00258D90 = {
			isa = PBXGroup;
			children = (
				652AA0EF20EC6BAA00258D90 /* YHWaterMarkExample */,
				652AA10B20EC6BAB00258D90 /* YHWaterMarkExampleTests */,
				652AA11620EC6BAB00258D90 /* YHWaterMarkExampleUITests */,
				652AA0EE20EC6BAA00258D90 /* Products */,
			);
			sourceTree = "<group>";
		};
		652AA0EE20EC6BAA00258D90 /* Products */ = {
			isa = PBXGroup;
			children = (
				652AA0ED20EC6BAA00258D90 /* YHWaterMarkExample.app */,
				652AA10820EC6BAB00258D90 /* YHWaterMarkExampleTests.xctest */,
				652AA11320EC6BAB00258D90 /* YHWaterMarkExampleUITests.xctest */,
			);
			name = Products;
			sourceTree = "<group>";
		};
		652AA0EF20EC6BAA00258D90 /* YHWaterMarkExample */ = {
			isa = PBXGroup;
			children = (
				652AA12720EC6C7F00258D90 /* YHWaterMark */,
				652AA12620EC6BE400258D90 /* Classes */,
				652AA12520EC6BBC00258D90 /* Support Files */,
			);
			path = YHWaterMarkExample;
			sourceTree = "<group>";
		};
		652AA10B20EC6BAB00258D90 /* YHWaterMarkExampleTests */ = {
			isa = PBXGroup;
			children = (
				652AA10C20EC6BAB00258D90 /* YHWaterMarkExampleTests.m */,
				652AA10E20EC6BAB00258D90 /* Info.plist */,
			);
			path = YHWaterMarkExampleTests;
			sourceTree = "<group>";
		};
		652AA11620EC6BAB00258D90 /* YHWaterMarkExampleUITests */ = {
			isa = PBXGroup;
			children = (
				652AA11720EC6BAB00258D90 /* YHWaterMarkExampleUITests.m */,
				652AA11920EC6BAB00258D90 /* Info.plist */,
			);
			path = YHWaterMarkExampleUITests;
			sourceTree = "<group>";
		};
		652AA12520EC6BBC00258D90 /* Support Files */ = {
			isa = PBXGroup;
			children = (
				652AA0F020EC6BAA00258D90 /* AppDelegate.h */,
				652AA0F120EC6BAA00258D90 /* AppDelegate.m */,
				652AA0F320EC6BAA00258D90 /* ViewController.h */,
				652AA0F420EC6BAA00258D90 /* ViewController.m */,
				652AA0F620EC6BAA00258D90 /* Main.storyboard */,
				652AA0FC20EC6BAB00258D90 /* Assets.xcassets */,
				652AA0FE20EC6BAB00258D90 /* LaunchScreen.storyboard */,
				652AA10120EC6BAB00258D90 /* Info.plist */,
				652AA10220EC6BAB00258D90 /* main.m */,
				652AA0F920EC6BAA00258D90 /* YHWaterMarkExample.xcdatamodeld */,
			);
			path = "Support Files";
			sourceTree = "<group>";
		};
		652AA12620EC6BE400258D90 /* Classes */ = {
			isa = PBXGroup;
			children = (
			);
			path = Classes;
			sourceTree = "<group>";
		};
		652AA12720EC6C7F00258D90 /* YHWaterMark */ = {
			isa = PBXGroup;
			children = (
				652AA12820EC6CD100258D90 /* YHWaterMarkView.h */,
				652AA12920EC6CD100258D90 /* YHWaterMarkView.m */,
			);
			path = YHWaterMark;
			sourceTree = SOURCE_ROOT;
		};
/* End PBXGroup section */

/* Begin PBXNativeTarget section */
		652AA0EC20EC6BAA00258D90 /* YHWaterMarkExample */ = {
			isa = PBXNativeTarget;
			buildConfigurationList = 652AA11C20EC6BAB00258D90 /* Build configuration list for PBXNativeTarget "YHWaterMarkExample" */;
			buildPhases = (
				652AA0E920EC6BAA00258D90 /* Sources */,
				652AA0EA20EC6BAA00258D90 /* Frameworks */,
				652AA0EB20EC6BAA00258D90 /* Resources */,
			);
			buildRules = (
			);
			dependencies = (
			);
			name = YHWaterMarkExample;
			productName = YHWaterMarkExample;
			productReference = 652AA0ED20EC6BAA00258D90 /* YHWaterMarkExample.app */;
			productType = "com.apple.product-type.application";
		};
		652AA10720EC6BAB00258D90 /* YHWaterMarkExampleTests */ = {
			isa = PBXNativeTarget;
			buildConfigurationList = 652AA11F20EC6BAB00258D90 /* Build configuration list for PBXNativeTarget "YHWaterMarkExampleTests" */;
			buildPhases = (
				652AA10420EC6BAB00258D90 /* Sources */,
				652AA10520EC6BAB00258D90 /* Frameworks */,
				652AA10620EC6BAB00258D90 /* Resources */,
			);
			buildRules = (
			);
			dependencies = (
				652AA10A20EC6BAB00258D90 /* PBXTargetDependency */,
			);
			name = YHWaterMarkExampleTests;
			productName = YHWaterMarkExampleTests;
			productReference = 652AA10820EC6BAB00258D90 /* YHWaterMarkExampleTests.xctest */;
			productType = "com.apple.product-type.bundle.unit-test";
		};
		652AA11220EC6BAB00258D90 /* YHWaterMarkExampleUITests */ = {
			isa = PBXNativeTarget;
			buildConfigurationList = 652AA12220EC6BAB00258D90 /* Build configuration list for PBXNativeTarget "YHWaterMarkExampleUITests" */;
			buildPhases = (
				652AA10F20EC6BAB00258D90 /* Sources */,
				652AA11020EC6BAB00258D90 /* Frameworks */,
				652AA11120EC6BAB00258D90 /* Resources */,
			);
			buildRules = (
			);
			dependencies = (
				652AA11520EC6BAB00258D90 /* PBXTargetDependency */,
			);
			name = YHWaterMarkExampleUITests;
			productName = YHWaterMarkExampleUITests;
			productReference = 652AA11320EC6BAB00258D90 /* YHWaterMarkExampleUITests.xctest */;
			productType = "com.apple.product-type.bundle.ui-testing";
		};
/* End PBXNativeTarget section */

/* Begin PBXProject section */
		652AA0E520EC6BAA00258D90 /* Project object */ = {
			isa = PBXProject;
			attributes = {
				LastUpgradeCheck = 0940;
				ORGANIZATIONNAME = "万叶华";
				TargetAttributes = {
					652AA0EC20EC6BAA00258D90 = {
						CreatedOnToolsVersion = 9.4.1;
					};
					652AA10720EC6BAB00258D90 = {
						CreatedOnToolsVersion = 9.4.1;
						TestTargetID = 652AA0EC20EC6BAA00258D90;
					};
					652AA11220EC6BAB00258D90 = {
						CreatedOnToolsVersion = 9.4.1;
						TestTargetID = 652AA0EC20EC6BAA00258D90;
					};
				};
			};
			buildConfigurationList = 652AA0E820EC6BAA00258D90 /* Build configuration list for PBXProject "YHWaterMarkExample" */;
			compatibilityVersion = "Xcode 9.3";
			developmentRegion = en;
			hasScannedForEncodings = 0;
			knownRegions = (
				en,
				Base,
			);
			mainGroup = 652AA0E420EC6BAA00258D90;
			productRefGroup = 652AA0EE20EC6BAA00258D90 /* Products */;
			projectDirPath = "";
			projectRoot = "";
			targets = (
				652AA0EC20EC6BAA00258D90 /* YHWaterMarkExample */,
				652AA10720EC6BAB00258D90 /* YHWaterMarkExampleTests */,
				652AA11220EC6BAB00258D90 /* YHWaterMarkExampleUITests */,
			);
		};
/* End PBXProject section */

/* Begin PBXResourcesBuildPhase section */
		652AA0EB20EC6BAA00258D90 /* Resources */ = {
			isa = PBXResourcesBuildPhase;
			buildActionMask = 2147483647;
			files = (
				652AA10020EC6BAB00258D90 /* LaunchScreen.storyboard in Resources */,
				652AA0FD20EC6BAB00258D90 /* Assets.xcassets in Resources */,
				652AA0F820EC6BAA00258D90 /* Main.storyboard in Resources */,
			);
			runOnlyForDeploymentPostprocessing = 0;
		};
		652AA10620EC6BAB00258D90 /* Resources */ = {
			isa = PBXResourcesBuildPhase;
			buildActionMask = 2147483647;
			files = (
			);
			runOnlyForDeploymentPostprocessing = 0;
		};
		652AA11120EC6BAB00258D90 /* Resources */ = {
			isa = PBXResourcesBuildPhase;
			buildActionMask = 2147483647;
			files = (
			);
			runOnlyForDeploymentPostprocessing = 0;
		};
/* End PBXResourcesBuildPhase section */

/* Begin PBXSourcesBuildPhase section */
		652AA0E920EC6BAA00258D90 /* Sources */ = {
			isa = PBXSourcesBuildPhase;
			buildActionMask = 2147483647;
			files = (
				652AA0F520EC6BAA00258D90 /* ViewController.m in Sources */,
				652AA12A20EC6CD100258D90 /* YHWaterMarkView.m in Sources */,
				652AA0F220EC6BAA00258D90 /* AppDelegate.m in Sources */,
				652AA10320EC6BAB00258D90 /* main.m in Sources */,
				652AA0FB20EC6BAA00258D90 /* YHWaterMarkExample.xcdatamodeld in Sources */,
			);
			runOnlyForDeploymentPostprocessing = 0;
		};
		652AA10420EC6BAB00258D90 /* Sources */ = {
			isa = PBXSourcesBuildPhase;
			buildActionMask = 2147483647;
			files = (
				652AA10D20EC6BAB00258D90 /* YHWaterMarkExampleTests.m in Sources */,
			);
			runOnlyForDeploymentPostprocessing = 0;
		};
		652AA10F20EC6BAB00258D90 /* Sources */ = {
			isa = PBXSourcesBuildPhase;
			buildActionMask = 2147483647;
			files = (
				652AA11820EC6BAB00258D90 /* YHWaterMarkExampleUITests.m in Sources */,
			);
			runOnlyForDeploymentPostprocessing = 0;
		};
/* End PBXSourcesBuildPhase section */

/* Begin PBXTargetDependency section */
		652AA10A20EC6BAB00258D90 /* PBXTargetDependency */ = {
			isa = PBXTargetDependency;
			target = 652AA0EC20EC6BAA00258D90 /* YHWaterMarkExample */;
			targetProxy = 652AA10920EC6BAB00258D90 /* PBXContainerItemProxy */;
		};
		652AA11520EC6BAB00258D90 /* PBXTargetDependency */ = {
			isa = PBXTargetDependency;
			target = 652AA0EC20EC6BAA00258D90 /* YHWaterMarkExample */;
			targetProxy = 652AA11420EC6BAB00258D90 /* PBXContainerItemProxy */;
		};
/* End PBXTargetDependency section */

/* Begin PBXVariantGroup section */
		652AA0F620EC6BAA00258D90 /* Main.storyboard */ = {
			isa = PBXVariantGroup;
			children = (
				652AA0F720EC6BAA00258D90 /* Base */,
			);
			name = Main.storyboard;
			sourceTree = "<group>";
		};
		652AA0FE20EC6BAB00258D90 /* LaunchScreen.storyboard */ = {
			isa = PBXVariantGroup;
			children = (
				652AA0FF20EC6BAB00258D90 /* Base */,
			);
			name = LaunchScreen.storyboard;
			sourceTree = "<group>";
		};
/* End PBXVariantGroup section */

/* Begin XCBuildConfiguration section */
		652AA11A20EC6BAB00258D90 /* Debug */ = {
			isa = XCBuildConfiguration;
			buildSettings = {
				ALWAYS_SEARCH_USER_PATHS = NO;
				CLANG_ANALYZER_NONNULL = YES;
				CLANG_ANALYZER_NUMBER_OBJECT_CONVERSION = YES_AGGRESSIVE;
				CLANG_CXX_LANGUAGE_STANDARD = "gnu++14";
				CLANG_CXX_LIBRARY = "libc++";
				CLANG_ENABLE_MODULES = YES;
				CLANG_ENABLE_OBJC_ARC = YES;
				CLANG_ENABLE_OBJC_WEAK = YES;
				CLANG_WARN_BLOCK_CAPTURE_AUTORELEASING = YES;
				CLANG_WARN_BOOL_CONVERSION = YES;
				CLANG_WARN_COMMA = YES;
				CLANG_WARN_CONSTANT_CONVERSION = YES;
				CLANG_WARN_DEPRECATED_OBJC_IMPLEMENTATIONS = YES;
				CLANG_WARN_DIRECT_OBJC_ISA_USAGE = YES_ERROR;
				CLANG_WARN_DOCUMENTATION_COMMENTS = YES;
				CLANG_WARN_EMPTY_BODY = YES;
				CLANG_WARN_ENUM_CONVERSION = YES;
				CLANG_WARN_INFINITE_RECURSION = YES;
				CLANG_WARN_INT_CONVERSION = YES;
				CLANG_WARN_NON_LITERAL_NULL_CONVERSION = YES;
				CLANG_WARN_OBJC_IMPLICIT_RETAIN_SELF = YES;
				CLANG_WARN_OBJC_LITERAL_CONVERSION = YES;
				CLANG_WARN_OBJC_ROOT_CLASS = YES_ERROR;
				CLANG_WARN_RANGE_LOOP_ANALYSIS = YES;
				CLANG_WARN_STRICT_PROTOTYPES = YES;
				CLANG_WARN_SUSPICIOUS_MOVE = YES;
				CLANG_WARN_UNGUARDED_AVAILABILITY = YES_AGGRESSIVE;
				CLANG_WARN_UNREACHABLE_CODE = YES;
				CLANG_WARN__DUPLICATE_METHOD_MATCH = YES;
				CODE_SIGN_IDENTITY = "iPhone Developer";
				COPY_PHASE_STRIP = NO;
				DEBUG_INFORMATION_FORMAT = dwarf;
				ENABLE_STRICT_OBJC_MSGSEND = YES;
				ENABLE_TESTABILITY = YES;
				GCC_C_LANGUAGE_STANDARD = gnu11;
				GCC_DYNAMIC_NO_PIC = NO;
				GCC_NO_COMMON_BLOCKS = YES;
				GCC_OPTIMIZATION_LEVEL = 0;
				GCC_PREPROCESSOR_DEFINITIONS = (
					"DEBUG=1",
					"$(inherited)",
				);
				GCC_WARN_64_TO_32_BIT_CONVERSION = YES;
				GCC_WARN_ABOUT_RETURN_TYPE = YES_ERROR;
				GCC_WARN_UNDECLARED_SELECTOR = YES;
				GCC_WARN_UNINITIALIZED_AUTOS = YES_AGGRESSIVE;
				GCC_WARN_UNUSED_FUNCTION = YES;
				GCC_WARN_UNUSED_VARIABLE = YES;
				IPHONEOS_DEPLOYMENT_TARGET = 11.4;
				MTL_ENABLE_DEBUG_INFO = YES;
				ONLY_ACTIVE_ARCH = YES;
				SDKROOT = iphoneos;
			};
			name = Debug;
		};
		652AA11B20EC6BAB00258D90 /* Release */ = {
			isa = XCBuildConfiguration;
			buildSettings = {
				ALWAYS_SEARCH_USER_PATHS = NO;
				CLANG_ANALYZER_NONNULL = YES;
				CLANG_ANALYZER_NUMBER_OBJECT_CONVERSION = YES_AGGRESSIVE;
				CLANG_CXX_LANGUAGE_STANDARD = "gnu++14";
				CLANG_CXX_LIBRARY = "libc++";
				CLANG_ENABLE_MODULES = YES;
				CLANG_ENABLE_OBJC_ARC = YES;
				CLANG_ENABLE_OBJC_WEAK = YES;
				CLANG_WARN_BLOCK_CAPTURE_AUTORELEASING = YES;
				CLANG_WARN_BOOL_CONVERSION = YES;
				CLANG_WARN_COMMA = YES;
				CLANG_WARN_CONSTANT_CONVERSION = YES;
				CLANG_WARN_DEPRECATED_OBJC_IMPLEMENTATIONS = YES;
				CLANG_WARN_DIRECT_OBJC_ISA_USAGE = YES_ERROR;
				CLANG_WARN_DOCUMENTATION_COMMENTS = YES;
				CLANG_WARN_EMPTY_BODY = YES;
				CLANG_WARN_ENUM_CONVERSION = YES;
				CLANG_WARN_INFINITE_RECURSION = YES;
				CLANG_WARN_INT_CONVERSION = YES;
				CLANG_WARN_NON_LITERAL_NULL_CONVERSION = YES;
				CLANG_WARN_OBJC_IMPLICIT_RETAIN_SELF = YES;
				CLANG_WARN_OBJC_LITERAL_CONVERSION = YES;
				CLANG_WARN_OBJC_ROOT_CLASS = YES_ERROR;
				CLANG_WARN_RANGE_LOOP_ANALYSIS = YES;
				CLANG_WARN_STRICT_PROTOTYPES = YES;
				CLANG_WARN_SUSPICIOUS_MOVE = YES;
				CLANG_WARN_UNGUARDED_AVAILABILITY = YES_AGGRESSIVE;
				CLANG_WARN_UNREACHABLE_CODE = YES;
				CLANG_WARN__DUPLICATE_METHOD_MATCH = YES;
				CODE_SIGN_IDENTITY = "iPhone Developer";
				COPY_PHASE_STRIP = NO;
				DEBUG_INFORMATION_FORMAT = "dwarf-with-dsym";
				ENABLE_NS_ASSERTIONS = NO;
				ENABLE_STRICT_OBJC_MSGSEND = YES;
				GCC_C_LANGUAGE_STANDARD = gnu11;
				GCC_NO_COMMON_BLOCKS = YES;
				GCC_WARN_64_TO_32_BIT_CONVERSION = YES;
				GCC_WARN_ABOUT_RETURN_TYPE = YES_ERROR;
				GCC_WARN_UNDECLARED_SELECTOR = YES;
				GCC_WARN_UNINITIALIZED_AUTOS = YES_AGGRESSIVE;
				GCC_WARN_UNUSED_FUNCTION = YES;
				GCC_WARN_UNUSED_VARIABLE = YES;
				IPHONEOS_DEPLOYMENT_TARGET = 11.4;
				MTL_ENABLE_DEBUG_INFO = NO;
				SDKROOT = iphoneos;
				VALIDATE_PRODUCT = YES;
			};
			name = Release;
		};
		652AA11D20EC6BAB00258D90 /* Debug */ = {
			isa = XCBuildConfiguration;
			buildSettings = {
				ASSETCATALOG_COMPILER_APPICON_NAME = AppIcon;
				CODE_SIGN_STYLE = Automatic;
				INFOPLIST_FILE = "YHWaterMarkExample/Support Files/Info.plist";
				LD_RUNPATH_SEARCH_PATHS = (
					"$(inherited)",
					"@executable_path/Frameworks",
				);
				PRODUCT_BUNDLE_IDENTIFIER = com.wanwan.YHWaterMarkExample;
				PRODUCT_NAME = "$(TARGET_NAME)";
				TARGETED_DEVICE_FAMILY = "1,2";
			};
			name = Debug;
		};
		652AA11E20EC6BAB00258D90 /* Release */ = {
			isa = XCBuildConfiguration;
			buildSettings = {
				ASSETCATALOG_COMPILER_APPICON_NAME = AppIcon;
				CODE_SIGN_STYLE = Automatic;
				INFOPLIST_FILE = "YHWaterMarkExample/Support Files/Info.plist";
				LD_RUNPATH_SEARCH_PATHS = (
					"$(inherited)",
					"@executable_path/Frameworks",
				);
				PRODUCT_BUNDLE_IDENTIFIER = com.wanwan.YHWaterMarkExample;
				PRODUCT_NAME = "$(TARGET_NAME)";
				TARGETED_DEVICE_FAMILY = "1,2";
			};
			name = Release;
		};
		652AA12020EC6BAB00258D90 /* Debug */ = {
			isa = XCBuildConfiguration;
			buildSettings = {
				BUNDLE_LOADER = "$(TEST_HOST)";
				CODE_SIGN_STYLE = Automatic;
				INFOPLIST_FILE = YHWaterMarkExampleTests/Info.plist;
				LD_RUNPATH_SEARCH_PATHS = (
					"$(inherited)",
					"@executable_path/Frameworks",
					"@loader_path/Frameworks",
				);
				PRODUCT_BUNDLE_IDENTIFIER = com.wanwan.YHWaterMarkExampleTests;
				PRODUCT_NAME = "$(TARGET_NAME)";
				TARGETED_DEVICE_FAMILY = "1,2";
				TEST_HOST = "$(BUILT_PRODUCTS_DIR)/YHWaterMarkExample.app/YHWaterMarkExample";
			};
			name = Debug;
		};
		652AA12120EC6BAB00258D90 /* Release */ = {
			isa = XCBuildConfiguration;
			buildSettings = {
				BUNDLE_LOADER = "$(TEST_HOST)";
				CODE_SIGN_STYLE = Automatic;
				INFOPLIST_FILE = YHWaterMarkExampleTests/Info.plist;
				LD_RUNPATH_SEARCH_PATHS = (
					"$(inherited)",
					"@executable_path/Frameworks",
					"@loader_path/Frameworks",
				);
				PRODUCT_BUNDLE_IDENTIFIER = com.wanwan.YHWaterMarkExampleTests;
				PRODUCT_NAME = "$(TARGET_NAME)";
				TARGETED_DEVICE_FAMILY = "1,2";
				TEST_HOST = "$(BUILT_PRODUCTS_DIR)/YHWaterMarkExample.app/YHWaterMarkExample";
			};
			name = Release;
		};
		652AA12320EC6BAB00258D90 /* Debug */ = {
			isa = XCBuildConfiguration;
			buildSettings = {
				CODE_SIGN_STYLE = Automatic;
				INFOPLIST_FILE = YHWaterMarkExampleUITests/Info.plist;
				LD_RUNPATH_SEARCH_PATHS = (
					"$(inherited)",
					"@executable_path/Frameworks",
					"@loader_path/Frameworks",
				);
				PRODUCT_BUNDLE_IDENTIFIER = com.wanwan.YHWaterMarkExampleUITests;
				PRODUCT_NAME = "$(TARGET_NAME)";
				TARGETED_DEVICE_FAMILY = "1,2";
				TEST_TARGET_NAME = YHWaterMarkExample;
			};
			name = Debug;
		};
		652AA12420EC6BAB00258D90 /* Release */ = {
			isa = XCBuildConfiguration;
			buildSettings = {
				CODE_SIGN_STYLE = Automatic;
				INFOPLIST_FILE = YHWaterMarkExampleUITests/Info.plist;
				LD_RUNPATH_SEARCH_PATHS = (
					"$(inherited)",
					"@executable_path/Frameworks",
					"@loader_path/Frameworks",
				);
				PRODUCT_BUNDLE_IDENTIFIER = com.wanwan.YHWaterMarkExampleUITests;
				PRODUCT_NAME = "$(TARGET_NAME)";
				TARGETED_DEVICE_FAMILY = "1,2";
				TEST_TARGET_NAME = YHWaterMarkExample;
			};
			name = Release;
		};
/* End XCBuildConfiguration section */

/* Begin XCConfigurationList section */
		652AA0E820EC6BAA00258D90 /* Build configuration list for PBXProject "YHWaterMarkExample" */ = {
			isa = XCConfigurationList;
			buildConfigurations = (
				652AA11A20EC6BAB00258D90 /* Debug */,
				652AA11B20EC6BAB00258D90 /* Release */,
			);
			defaultConfigurationIsVisible = 0;
			defaultConfigurationName = Release;
		};
		652AA11C20EC6BAB00258D90 /* Build configuration list for PBXNativeTarget "YHWaterMarkExample" */ = {
			isa = XCConfigurationList;
			buildConfigurations = (
				652AA11D20EC6BAB00258D90 /* Debug */,
				652AA11E20EC6BAB00258D90 /* Release */,
			);
			defaultConfigurationIsVisible = 0;
			defaultConfigurationName = Release;
		};
		652AA11F20EC6BAB00258D90 /* Build configuration list for PBXNativeTarget "YHWaterMarkExampleTests" */ = {
			isa = XCConfigurationList;
			buildConfigurations = (
				652AA12020EC6BAB00258D90 /* Debug */,
				652AA12120EC6BAB00258D90 /* Release */,
			);
			defaultConfigurationIsVisible = 0;
			defaultConfigurationName = Release;
		};
		652AA12220EC6BAB00258D90 /* Build configuration list for PBXNativeTarget "YHWaterMarkExampleUITests" */ = {
			isa = XCConfigurationList;
			buildConfigurations = (
				652AA12320EC6BAB00258D90 /* Debug */,
				652AA12420EC6BAB00258D90 /* Release */,
			);
			defaultConfigurationIsVisible = 0;
			defaultConfigurationName = Release;
		};
/* End XCConfigurationList section */

/* Begin XCVersionGroup section */
		652AA0F920EC6BAA00258D90 /* YHWaterMarkExample.xcdatamodeld */ = {
			isa = XCVersionGroup;
			children = (
				652AA0FA20EC6BAA00258D90 /* YHWaterMarkExample.xcdatamodel */,
			);
			currentVersion = 652AA0FA20EC6BAA00258D90 /* YHWaterMarkExample.xcdatamodel */;
			path = YHWaterMarkExample.xcdatamodeld;
			sourceTree = "<group>";
			versionGroupType = wrapper.xcdatamodel;
		};
/* End XCVersionGroup section */
	};
	rootObject = 652AA0E520EC6BAA00258D90 /* Project object */;
}
